{
  "name": "bim-explorer",
  "version": "0.0.0",
  "lockfileVersion": 3,
  "requires": true,
  "packages": {
    "": {
      "name": "bim-explorer",
      "version": "0.0.0",
      "license": "UNLICENSED",
      "workspaces": [
        "adapters/*",
        "packages/*"
      ],
      "engines": {
        "node": ">=24"
      }
    },
    "adapters/web-ifc": {
      "name": "@bim-explorer/adapter-web-ifc",
      "version": "0.0.0",
      "license": "UNLICENSED",
      "dependencies": {
        "@bim-explorer/bim-model-source": "0.0.0",
        "@bim-explorer/bim-renderer-3d": "0.0.0",
        "@bim-explorer/ifc-engine-contract": "0.1.0",
        "web-ifc": "0.0.77"
      },
      "engines": {
        "node": ">=24"
      }
    },
    "node_modules/@bim-explorer/adapter-web-ifc": {
      "resolved": "adapters/web-ifc",
      "link": true
    },
    "node_modules/@bim-explorer/bim-model-source": {
      "resolved": "packages/bim-model-source",
      "link": true
    },
    "node_modules/@bim-explorer/bim-renderer-3d": {
      "resolved": "packages/bim-renderer-3d",
      "link": true
    },
    "node_modules/@bim-explorer/bim-semantic-explorer": {
      "resolved": "packages/bim-semantic-explorer",
      "link": true
    },
    "node_modules/@bim-explorer/ifc-engine-contract": {
      "resolved": "packages/ifc-engine-contract",
      "link": true
    },
    "node_modules/@bim-explorer/viewer-core-consumer": {
      "resolved": "packages/viewer-core-consumer",
      "link": true
    },
    "node_modules/web-ifc": {
      "version": "0.0.77",
      "resolved": "https://registry.npmjs.org/web-ifc/-/web-ifc-0.0.77.tgz",
      "integrity": "sha512-VzQ0W/Iiqbidxn1ECUvz6qJ6p2sXBVNcOsUOBCETzy77psAH6yFLKQm74aXabkx3JH4OvFVHe8k1qS6+Z2zl1w==",
      "license": "MPL-2.0"
    },
    "packages/bim-model-source": {
      "name": "@bim-explorer/bim-model-source",
      "version": "0.0.0",
      "license": "UNLICENSED",
      "engines": {
        "node": ">=24"
      }
    },
    "packages/bim-renderer-3d": {
      "name": "@bim-explorer/bim-renderer-3d",
      "version": "0.0.0",
      "license": "UNLICENSED",
      "engines": {
        "node": ">=24"
      }
    },
    "packages/bim-semantic-explorer": {
      "name": "@bim-explorer/bim-semantic-explorer",
      "version": "0.0.0",
      "license": "UNLICENSED",
      "engines": {
        "node": ">=24"
      }
    },
    "packages/ifc-engine-contract": {
      "name": "@bim-explorer/ifc-engine-contract",
      "version": "0.1.0",
      "license": "UNLICENSED",
      "engines": {
        "node": ">=24"
      }
    },
    "packages/viewer-core-consumer": {
      "name": "@bim-explorer/viewer-core-consumer",
      "version": "0.0.0",
      "license": "UNLICENSED",
      "engines": {
        "node": ">=24"
      }
    }
  }
}
